
Microsoft Visual Studio Solution File, Format Version 12.00
# Visual Studio Version 17
VisualStudioVersion = 17.8.34316.72
MinimumVisualStudioVersion = 10.0.40219.1
Project("{9A19103F-16F7-4668-BE54-9A1E7A4F7556}") = "FaceRecognitionServer.Domain", "FaceRecognitionServer.Domain\FaceRecognitionServer.Domain.csproj", "{B9CAD05E-86E0-41C6-8E76-AF48EDFCD2A1}"
EndProject
Project("{9A19103F-16F7-4668-BE54-9A1E7A4F7556}") = "FaceRecognitionServer.Infrastructure", "FaceRecognitionServer.Infrastructure\FaceRecognitionServer.Infrastructure.csproj", "{A63FB35A-D33C-4BB5-941F-4EE9A844F18C}"
EndProject
Project("{9A19103F-16F7-4668-BE54-9A1E7A4F7556}") = "FaceRecognitionServer.Web", "FaceRecognitionServer.Web\FaceRecognitionServer.Web.csproj", "{59ACD3F4-2B69-46FF-970F-3306344403DB}"
EndProject
Global
	GlobalSection(SolutionConfigurationPlatforms) = preSolution
		Debug|Any CPU = Debug|Any CPU
		Release|Any CPU = Release|Any CPU
	EndGlobalSection
	GlobalSection(ProjectConfigurationPlatforms) = postSolution
		{B9CAD05E-86E0-41C6-8E76-AF48EDFCD2A1}.Debug|Any CPU.ActiveCfg = Debug|Any CPU
		{B9CAD05E-86E0-41C6-8E76-AF48EDFCD2A1}.Debug|Any CPU.Build.0 = Debug|Any CPU
		{B9CAD05E-86E0-41C6-8E76-AF48EDFCD2A1}.Release|Any CPU.ActiveCfg = Release|Any CPU
		{B9CAD05E-86E0-41C6-8E76-AF48EDFCD2A1}.Release|Any CPU.Build.0 = Release|Any CPU
		{A63FB35A-D33C-4BB5-941F-4EE9A844F18C}.Debug|Any CPU.ActiveCfg = Debug|Any CPU
		{A63FB35A-D33C-4BB5-941F-4EE9A844F18C}.Debug|Any CPU.Build.0 = Debug|Any CPU
		{A63FB35A-D33C-4BB5-941F-4EE9A844F18C}.Release|Any CPU.ActiveCfg = Release|Any CPU
		{A63FB35A-D33C-4BB5-941F-4EE9A844F18C}.Release|Any CPU.Build.0 = Release|Any CPU
		{59ACD3F4-2B69-46FF-970F-3306344403DB}.Debug|Any CPU.ActiveCfg = Debug|Any CPU
		{59ACD3F4-2B69-46FF-970F-3306344403DB}.Debug|Any CPU.Build.0 = Debug|Any CPU
		{59ACD3F4-2B69-46FF-970F-3306344403DB}.Release|Any CPU.ActiveCfg = Release|Any CPU
		{59ACD3F4-2B69-46FF-970F-3306344403DB}.Release|Any CPU.Build.0 = Release|Any CPU
	EndGlobalSection
	GlobalSection(SolutionProperties) = preSolution
		HideSolutionNode = FALSE
	EndGlobalSection
	GlobalSection(ExtensibilityGlobals) = postSolution
		SolutionGuid = {F5174853-8836-42CF-9F78-82A153BF14F3}
	EndGlobalSection
EndGlobal
